
Microsoft Visual Studio Solution File, Format Version 12.00
# Visual Studio Version 16
VisualStudioVersion = 16.0.29728.190
MinimumVisualStudioVersion = 10.0.40219.1
Project("{FAE04EC0-301F-11D3-BF4B-00C04F79EFBC}") = "filepdf", "filepdf\filepdf.csproj", "{9FE2F5CB-8821-4E92-89F6-C2439E90B69B}"
EndProject
Global
	GlobalSection(SolutionConfigurationPlatforms) = preSolution
		Debug|Any CPU = Debug|Any CPU
		Release|Any CPU = Release|Any CPU
	EndGlobalSection
	GlobalSection(ProjectConfigurationPlatforms) = postSolution
		{9FE2F5CB-8821-4E92-89F6-C2439E90B69B}.Debug|Any CPU.ActiveCfg = Debug|Any CPU
		{9FE2F5CB-8821-4E92-89F6-C2439E90B69B}.Debug|Any CPU.Build.0 = Debug|Any CPU
		{9FE2F5CB-8821-4E92-89F6-C2439E90B69B}.Release|Any CPU.ActiveCfg = Release|Any CPU
		{9FE2F5CB-8821-4E92-89F6-C2439E90B69B}.Release|Any CPU.Build.0 = Release|Any CPU
	EndGlobalSection
	GlobalSection(SolutionProperties) = preSolution
		HideSolutionNode = FALSE
	EndGlobalSection
	GlobalSection(ExtensibilityGlobals) = postSolution
		SolutionGuid = {FC13427C-7844-483D-B450-8E7F12E84941}
	EndGlobalSection
EndGlobal
